{
	"name": "opencode-openrouter-sync",
	"version": "1.6.0",
	"lockfileVersion": 3,
	"requires": true,
	"packages": {
		"": {
			"name": "opencode-openrouter-sync",
			"version": "1.6.0",
			"license": "MIT",
			"dependencies": {
				"zod": "^3.24.0"
			},
			"devDependencies": {
				"@types/node": "^20.0.0",
				"typescript": "^5.0.0"
			},
			"engines": {
				"node": ">=20.0.0"
			},
			"peerDependencies": {
				"@opencode-ai/plugin": "*"
			}
		},
		"node_modules/@opencode-ai/plugin": {
			"version": "1.2.27",
			"license": "MIT",
			"dependencies": {
				"@opencode-ai/sdk": "1.2.27",
				"zod": "4.1.8"
			}
		},
		"node_modules/@opencode-ai/plugin/node_modules/zod": {
			"version": "4.1.8",
			"resolved": "https://registry.npmjs.org/zod/-/zod-4.1.8.tgz",
			"integrity": "sha512-5R1P+WwQqmmMIEACyzSvo4JXHY5WiAFHRMg+zBZKgKS+Q1viRa0C1hmUKtHltoIFKtIdki3pRxkmpP74jnNYHQ==",
			"license": "MIT",
			"funding": {
				"url": "https://github.com/sponsors/colinhacks"
			}
		},
		"node_modules/@opencode-ai/sdk": {
			"version": "1.2.27",
			"license": "MIT"
		},
		"node_modules/@types/node": {
			"version": "20.19.37",
			"dev": true,
			"license": "MIT",
			"dependencies": {
				"undici-types": "~6.21.0"
			}
		},
		"node_modules/typescript": {
			"version": "5.9.3",
			"dev": true,
			"license": "Apache-2.0",
			"bin": {
				"tsc": "bin/tsc",
				"tsserver": "bin/tsserver"
			},
			"engines": {
				"node": ">=14.17"
			}
		},
		"node_modules/undici-types": {
			"version": "6.21.0",
			"dev": true,
			"license": "MIT"
		},
		"node_modules/zod": {
			"version": "3.25.76",
			"resolved": "https://registry.npmjs.org/zod/-/zod-3.25.76.tgz",
			"integrity": "sha512-gzUt/qt81nXsFGKIFcC3YnfEAx5NkunCfnDlvuBSSFS02bcXu4Lmea0AFIUwbLWxWPx3d9p8S5QoaujKcNQxcQ==",
			"license": "MIT",
			"funding": {
				"url": "https://github.com/sponsors/colinhacks"
			}
		}
	}
}
